github.com/emicklei/proto v1.9.0 h1:l0QiNT6Qs7Yj0Mb4X6dnWBQer4ebei2BFcgQLbGqUDc=
github.com/emicklei/proto v1.9.0/go.mod h1:rn1FgRS/FANiZdD2djyH7TMA9jdRDcYQ9IEN9yvjX0A=
github.com/iancoleman/strcase v0.1.3 h1:dJBk1m2/qjL1twPLf68JND55vvivMupZ4wIzE8CTdBw=
github.com/iancoleman/strcase v0.1.3/go.mod h1:SK73tn/9oHe+/Y0h39VT4UCxmurVJkR5NA7kMEAOgSE=
github.com/samuel/go-thrift v0.0.0-20191111193933-5165175b40af h1:EiWVfh8mr40yFZEui2oF0d45KgH48PkB2H0Z0GANvSI=
github.com/samuel/go-thrift v0.0.0-20191111193933-5165175b40af/go.mod h1:Vrkh1pnjV9Bl8c3P9zH0/D4NlOHWP5d4/hF4YTULaec=
